title: 'Product Side Block'
fields:
  -
    handle: industries
    field:
      options:
        -
          key: construction
          value: Construction
        -
          key: energy
          value: Energy
        -
          key: coal_mining
          value: 'Coal Mining'
        -
          key: h_r_mining
          value: 'Hard Rock Mining'
      type: checkboxes
      display: Industries
  -
    handle: available_regions
    field:
      options:
        -
          key: north_america
          value: 'North America'
        -
          key: south_america
          value: 'South America'
      type: checkboxes
      display: 'Available Regions'
  -
    handle: common_use
    field:
      type: list
      display: 'Common Use'
  -
    handle: downloads
    field:
      type: group
      display: Downloads
      fields:
        -
          handle: download_files
          field:
            container: assets
            type: assets
            display: 'Download Files'
